// !$*UTF8*$!
{
	archiveVersion = 1;
	classes = {
	};
	objectVersion = 55;
	objects = {

/* Begin PBXBuildFile section */
		E148A07A28C3C88A00D89168 /* CalendarAppApp.swift in Sources */ = {isa = PBXBuildFile; fileRef = E148A07928C3C88A00D89168 /* CalendarAppApp.swift */; };
		E148A07E28C3C88B00D89168 /* Assets.xcassets in Resources */ = {isa = PBXBuildFile; fileRef = E148A07D28C3C88B00D89168 /* Assets.xcassets */; };
		E148A08128C3C88B00D89168 /* Preview Assets.xcassets in Resources */ = {isa = PBXBuildFile; fileRef = E148A08028C3C88B00D89168 /* Preview Assets.xcassets */; };
		E148A09028C3CD1F00D89168 /* DogCalendarView.swift in Sources */ = {isa = PBXBuildFile; fileRef = E148A08F28C3CD1F00D89168 /* DogCalendarView.swift */; };
		E148A09228C3D15400D89168 /* ListItemView.swift in Sources */ = {isa = PBXBuildFile; fileRef = E148A09128C3D15400D89168 /* ListItemView.swift */; };
		E148A09428C3D1DD00D89168 /* DogCalendarViewModel.swift in Sources */ = {isa = PBXBuildFile; fileRef = E148A09328C3D1DD00D89168 /* DogCalendarViewModel.swift */; };
		E1607B3D28C4405B00D6F971 /* DateOverlayView.swift in Sources */ = {isa = PBXBuildFile; fileRef = E1607B3C28C4405B00D6F971 /* DateOverlayView.swift */; };
		E1AB34B628C3FB4A00F78CC8 /* DogImageView.swift in Sources */ = {isa = PBXBuildFile; fileRef = E1AB34B528C3FB4A00F78CC8 /* DogImageView.swift */; };
		E1AB34BA28C3FBB600F78CC8 /* DogImageViewModel.swift in Sources */ = {isa = PBXBuildFile; fileRef = E1AB34B928C3FBB600F78CC8 /* DogImageViewModel.swift */; };
/* End PBXBuildFile section */

/* Begin PBXFileReference section */
		E148A07628C3C88A00D89168 /* CalendarApp.app */ = {isa = PBXFileReference; explicitFileType = wrapper.application; includeInIndex = 0; path = CalendarApp.app; sourceTree = BUILT_PRODUCTS_DIR; };
		E148A07928C3C88A00D89168 /* CalendarAppApp.swift */ = {isa = PBXFileReference; lastKnownFileType = sourcecode.swift; path = CalendarAppApp.swift; sourceTree = "<group>"; };
		E148A07D28C3C88B00D89168 /* Assets.xcassets */ = {isa = PBXFileReference; lastKnownFileType = folder.assetcatalog; path = Assets.xcassets; sourceTree = "<group>"; };
		E148A08028C3C88B00D89168 /* Preview Assets.xcassets */ = {isa = PBXFileReference; lastKnownFileType = folder.assetcatalog; path = "Preview Assets.xcassets"; sourceTree = "<group>"; };
		E148A08F28C3CD1F00D89168 /* DogCalendarView.swift */ = {isa = PBXFileReference; lastKnownFileType = sourcecode.swift; path = DogCalendarView.swift; sourceTree = "<group>"; };
		E148A09128C3D15400D89168 /* ListItemView.swift */ = {isa = PBXFileReference; lastKnownFileType = sourcecode.swift; path = ListItemView.swift; sourceTree = "<group>"; };
		E148A09328C3D1DD00D89168 /* DogCalendarViewModel.swift */ = {isa = PBXFileReference; lastKnownFileType = sourcecode.swift; path = DogCalendarViewModel.swift; sourceTree = "<group>"; };
		E1607B3C28C4405B00D6F971 /* DateOverlayView.swift */ = {isa = PBXFileReference; lastKnownFileType = sourcecode.swift; path = DateOverlayView.swift; sourceTree = "<group>"; };
		E1AB34B528C3FB4A00F78CC8 /* DogImageView.swift */ = {isa = PBXFileReference; lastKnownFileType = sourcecode.swift; path = DogImageView.swift; sourceTree = "<group>"; };
		E1AB34B928C3FBB600F78CC8 /* DogImageViewModel.swift */ = {isa = PBXFileReference; lastKnownFileType = sourcecode.swift; path = DogImageViewModel.swift; sourceTree = "<group>"; };
/* End PBXFileReference section */

/* Begin PBXFrameworksBuildPhase section */
		E148A07328C3C88A00D89168 /* Frameworks */ = {
			isa = PBXFrameworksBuildPhase;
			buildActionMask = 2147483647;
			files = (
			);
			runOnlyForDeploymentPostprocessing = 0;
		};
/* End PBXFrameworksBuildPhase section */

/* Begin PBXGroup section */
		E148A06D28C3C88A00D89168 = {
			isa = PBXGroup;
			children = (
				E148A07828C3C88A00D89168 /* CalendarApp */,
				E148A07728C3C88A00D89168 /* Products */,
			);
			sourceTree = "<group>";
		};
		E148A07728C3C88A00D89168 /* Products */ = {
			isa = PBXGroup;
			children = (
				E148A07628C3C88A00D89168 /* CalendarApp.app */,
			);
			name = Products;
			sourceTree = "<group>";
		};
		E148A07828C3C88A00D89168 /* CalendarApp */ = {
			isa = PBXGroup;
			children = (
				E148A08928C3C8BB00D89168 /* ViewModels */,
				E148A08828C3C8B400D89168 /* Models */,
				E148A08728C3C8AB00D89168 /* Views */,
				E148A07928C3C88A00D89168 /* CalendarAppApp.swift */,
				E148A07D28C3C88B00D89168 /* Assets.xcassets */,
				E148A07F28C3C88B00D89168 /* Preview Content */,
			);
			path = CalendarApp;
			sourceTree = "<group>";
		};
		E148A07F28C3C88B00D89168 /* Preview Content */ = {
			isa = PBXGroup;
			children = (
				E148A08028C3C88B00D89168 /* Preview Assets.xcassets */,
			);
			path = "Preview Content";
			sourceTree = "<group>";
		};
		E148A08728C3C8AB00D89168 /* Views */ = {
			isa = PBXGroup;
			children = (
				E148A08F28C3CD1F00D89168 /* DogCalendarView.swift */,
				E148A09128C3D15400D89168 /* ListItemView.swift */,
				E1AB34B528C3FB4A00F78CC8 /* DogImageView.swift */,
				E1607B3C28C4405B00D6F971 /* DateOverlayView.swift */,
			);
			path = Views;
			sourceTree = "<group>";
		};
		E148A08828C3C8B400D89168 /* Models */ = {
			isa = PBXGroup;
			children = (
			);
			path = Models;
			sourceTree = "<group>";
		};
		E148A08928C3C8BB00D89168 /* ViewModels */ = {
			isa = PBXGroup;
			children = (
				E148A09328C3D1DD00D89168 /* DogCalendarViewModel.swift */,
				E1AB34B928C3FBB600F78CC8 /* DogImageViewModel.swift */,
			);
			path = ViewModels;
			sourceTree = "<group>";
		};
/* End PBXGroup section */

/* Begin PBXNativeTarget section */
		E148A07528C3C88A00D89168 /* CalendarApp */ = {
			isa = PBXNativeTarget;
			buildConfigurationList = E148A08428C3C88B00D89168 /* Build configuration list for PBXNativeTarget "CalendarApp" */;
			buildPhases = (
				E148A07228C3C88A00D89168 /* Sources */,
				E148A07328C3C88A00D89168 /* Frameworks */,
				E148A07428C3C88A00D89168 /* Resources */,
			);
			buildRules = (
			);
			dependencies = (
			);
			name = CalendarApp;
			productName = CalendarApp;
			productReference = E148A07628C3C88A00D89168 /* CalendarApp.app */;
			productType = "com.apple.product-type.application";
		};
/* End PBXNativeTarget section */

/* Begin PBXProject section */
		E148A06E28C3C88A00D89168 /* Project object */ = {
			isa = PBXProject;
			attributes = {
				BuildIndependentTargetsInParallel = 1;
				LastSwiftUpdateCheck = 1340;
				LastUpgradeCheck = 1340;
				TargetAttributes = {
					E148A07528C3C88A00D89168 = {
						CreatedOnToolsVersion = 13.4.1;
					};
				};
			};
			buildConfigurationList = E148A07128C3C88A00D89168 /* Build configuration list for PBXProject "CalendarApp" */;
			compatibilityVersion = "Xcode 13.0";
			developmentRegion = en;
			hasScannedForEncodings = 0;
			knownRegions = (
				en,
				Base,
			);
			mainGroup = E148A06D28C3C88A00D89168;
			productRefGroup = E148A07728C3C88A00D89168 /* Products */;
			projectDirPath = "";
			projectRoot = "";
			targets = (
				E148A07528C3C88A00D89168 /* CalendarApp */,
			);
		};
/* End PBXProject section */

/* Begin PBXResourcesBuildPhase section */
		E148A07428C3C88A00D89168 /* Resources */ = {
			isa = PBXResourcesBuildPhase;
			buildActionMask = 2147483647;
			files = (
				E148A08128C3C88B00D89168 /* Preview Assets.xcassets in Resources */,
				E148A07E28C3C88B00D89168 /* Assets.xcassets in Resources */,
			);
			runOnlyForDeploymentPostprocessing = 0;
		};
/* End PBXResourcesBuildPhase section */

/* Begin PBXSourcesBuildPhase section */
		E148A07228C3C88A00D89168 /* Sources */ = {
			isa = PBXSourcesBuildPhase;
			buildActionMask = 2147483647;
			files = (
				E1607B3D28C4405B00D6F971 /* DateOverlayView.swift in Sources */,
				E148A09428C3D1DD00D89168 /* DogCalendarViewModel.swift in Sources */,
				E148A09228C3D15400D89168 /* ListItemView.swift in Sources */,
				E148A09028C3CD1F00D89168 /* DogCalendarView.swift in Sources */,
				E1AB34B628C3FB4A00F78CC8 /* DogImageView.swift in Sources */,
				E148A07A28C3C88A00D89168 /* CalendarAppApp.swift in Sources */,
				E1AB34BA28C3FBB600F78CC8 /* DogImageViewModel.swift in Sources */,
			);
			runOnlyForDeploymentPostprocessing = 0;
		};
/* End PBXSourcesBuildPhase section */

/* Begin XCBuildConfiguration section */
		E148A08228C3C88B00D89168 /* Debug */ = {
			isa = XCBuildConfiguration;
			buildSettings = {
				ALWAYS_SEARCH_USER_PATHS = NO;
				CLANG_ANALYZER_NONNULL = YES;
				CLANG_ANALYZER_NUMBER_OBJECT_CONVERSION = YES_AGGRESSIVE;
				CLANG_CXX_LANGUAGE_STANDARD = "gnu++17";
				CLANG_ENABLE_MODULES = YES;
				CLANG_ENABLE_OBJC_ARC = YES;
				CLANG_ENABLE_OBJC_WEAK = YES;
				CLANG_WARN_BLOCK_CAPTURE_AUTORELEASING = YES;
				CLANG_WARN_BOOL_CONVERSION = YES;
				CLANG_WARN_COMMA = YES;
				CLANG_WARN_CONSTANT_CONVERSION = YES;
				CLANG_WARN_DEPRECATED_OBJC_IMPLEMENTATIONS = YES;
				CLANG_WARN_DIRECT_OBJC_ISA_USAGE = YES_ERROR;
				CLANG_WARN_DOCUMENTATION_COMMENTS = YES;
				CLANG_WARN_EMPTY_BODY = YES;
				CLANG_WARN_ENUM_CONVERSION = YES;
				CLANG_WARN_INFINITE_RECURSION = YES;
				CLANG_WARN_INT_CONVERSION = YES;
				CLANG_WARN_NON_LITERAL_NULL_CONVERSION = YES;
				CLANG_WARN_OBJC_IMPLICIT_RETAIN_SELF = YES;
				CLANG_WARN_OBJC_LITERAL_CONVERSION = YES;
				CLANG_WARN_OBJC_ROOT_CLASS = YES_ERROR;
				CLANG_WARN_QUOTED_INCLUDE_IN_FRAMEWORK_HEADER = YES;
				CLANG_WARN_RANGE_LOOP_ANALYSIS = YES;
				CLANG_WARN_STRICT_PROTOTYPES = YES;
				CLANG_WARN_SUSPICIOUS_MOVE = YES;
				CLANG_WARN_UNGUARDED_AVAILABILITY = YES_AGGRESSIVE;
				CLANG_WARN_UNREACHABLE_CODE = YES;
				CLANG_WARN__DUPLICATE_METHOD_MATCH = YES;
				COPY_PHASE_STRIP = NO;
				DEBUG_INFORMATION_FORMAT = dwarf;
				ENABLE_STRICT_OBJC_MSGSEND = YES;
				ENABLE_TESTABILITY = YES;
				GCC_C_LANGUAGE_STANDARD = gnu11;
				GCC_DYNAMIC_NO_PIC = NO;
				GCC_NO_COMMON_BLOCKS = YES;
				GCC_OPTIMIZATION_LEVEL = 0;
				GCC_PREPROCESSOR_DEFINITIONS = (
					"DEBUG=1",
					"$(inherited)",
				);
				GCC_WARN_64_TO_32_BIT_CONVERSION = YES;
				GCC_WARN_ABOUT_RETURN_TYPE = YES_ERROR;
				GCC_WARN_UNDECLARED_SELECTOR = YES;
				GCC_WARN_UNINITIALIZED_AUTOS = YES_AGGRESSIVE;
				GCC_WARN_UNUSED_FUNCTION = YES;
				GCC_WARN_UNUSED_VARIABLE = YES;
				IPHONEOS_DEPLOYMENT_TARGET = 15.5;
				MTL_ENABLE_DEBUG_INFO = INCLUDE_SOURCE;
				MTL_FAST_MATH = YES;
				ONLY_ACTIVE_ARCH = YES;
				SDKROOT = iphoneos;
				SWIFT_ACTIVE_COMPILATION_CONDITIONS = DEBUG;
				SWIFT_OPTIMIZATION_LEVEL = "-Onone";
			};
			name = Debug;
		};
		E148A08328C3C88B00D89168 /* Release */ = {
			isa = XCBuildConfiguration;
			buildSettings = {
				ALWAYS_SEARCH_USER_PATHS = NO;
				CLANG_ANALYZER_NONNULL = YES;
				CLANG_ANALYZER_NUMBER_OBJECT_CONVERSION = YES_AGGRESSIVE;
				CLANG_CXX_LANGUAGE_STANDARD = "gnu++17";
				CLANG_ENABLE_MODULES = YES;
				CLANG_ENABLE_OBJC_ARC = YES;
				CLANG_ENABLE_OBJC_WEAK = YES;
				CLANG_WARN_BLOCK_CAPTURE_AUTORELEASING = YES;
				CLANG_WARN_BOOL_CONVERSION = YES;
				CLANG_WARN_COMMA = YES;
				CLANG_WARN_CONSTANT_CONVERSION = YES;
				CLANG_WARN_DEPRECATED_OBJC_IMPLEMENTATIONS = YES;
				CLANG_WARN_DIRECT_OBJC_ISA_USAGE = YES_ERROR;
				CLANG_WARN_DOCUMENTATION_COMMENTS = YES;
				CLANG_WARN_EMPTY_BODY = YES;
				CLANG_WARN_ENUM_CONVERSION = YES;
				CLANG_WARN_INFINITE_RECURSION = YES;
				CLANG_WARN_INT_CONVERSION = YES;
				CLANG_WARN_NON_LITERAL_NULL_CONVERSION = YES;
				CLANG_WARN_OBJC_IMPLICIT_RETAIN_SELF = YES;
				CLANG_WARN_OBJC_LITERAL_CONVERSION = YES;
				CLANG_WARN_OBJC_ROOT_CLASS = YES_ERROR;
				CLANG_WARN_QUOTED_INCLUDE_IN_FRAMEWORK_HEADER = YES;
				CLANG_WARN_RANGE_LOOP_ANALYSIS = YES;
				CLANG_WARN_STRICT_PROTOTYPES = YES;
				CLANG_WARN_SUSPICIOUS_MOVE = YES;
				CLANG_WARN_UNGUARDED_AVAILABILITY = YES_AGGRESSIVE;
				CLANG_WARN_UNREACHABLE_CODE = YES;
				CLANG_WARN__DUPLICATE_METHOD_MATCH = YES;
				COPY_PHASE_STRIP = NO;
				DEBUG_INFORMATION_FORMAT = "dwarf-with-dsym";
				ENABLE_NS_ASSERTIONS = NO;
				ENABLE_STRICT_OBJC_MSGSEND = YES;
				GCC_C_LANGUAGE_STANDARD = gnu11;
				GCC_NO_COMMON_BLOCKS = YES;
				GCC_WARN_64_TO_32_BIT_CONVERSION = YES;
				GCC_WARN_ABOUT_RETURN_TYPE = YES_ERROR;
				GCC_WARN_UNDECLARED_SELECTOR = YES;
				GCC_WARN_UNINITIALIZED_AUTOS = YES_AGGRESSIVE;
				GCC_WARN_UNUSED_FUNCTION = YES;
				GCC_WARN_UNUSED_VARIABLE = YES;
				IPHONEOS_DEPLOYMENT_TARGET = 15.5;
				MTL_ENABLE_DEBUG_INFO = NO;
				MTL_FAST_MATH = YES;
				SDKROOT = iphoneos;
				SWIFT_COMPILATION_MODE = wholemodule;
				SWIFT_OPTIMIZATION_LEVEL = "-O";
				VALIDATE_PRODUCT = YES;
			};
			name = Release;
		};
		E148A08528C3C88B00D89168 /* Debug */ = {
			isa = XCBuildConfiguration;
			buildSettings = {
				ASSETCATALOG_COMPILER_APPICON_NAME = AppIcon;
				ASSETCATALOG_COMPILER_GLOBAL_ACCENT_COLOR_NAME = AccentColor;
				CODE_SIGN_STYLE = Automatic;
				CURRENT_PROJECT_VERSION = 1;
				DEVELOPMENT_ASSET_PATHS = "\"CalendarApp/Preview Content\"";
				DEVELOPMENT_TEAM = N45PNWM86L;
				ENABLE_PREVIEWS = YES;
				GENERATE_INFOPLIST_FILE = YES;
				INFOPLIST_KEY_UIApplicationSceneManifest_Generation = YES;
				INFOPLIST_KEY_UIApplicationSupportsIndirectInputEvents = YES;
				INFOPLIST_KEY_UILaunchScreen_Generation = YES;
				INFOPLIST_KEY_UISupportedInterfaceOrientations_iPad = "UIInterfaceOrientationPortrait UIInterfaceOrientationPortraitUpsideDown UIInterfaceOrientationLandscapeLeft UIInterfaceOrientationLandscapeRight";
				INFOPLIST_KEY_UISupportedInterfaceOrientations_iPhone = "UIInterfaceOrientationPortrait UIInterfaceOrientationLandscapeLeft UIInterfaceOrientationLandscapeRight";
				LD_RUNPATH_SEARCH_PATHS = (
					"$(inherited)",
					"@executable_path/Frameworks",
				);
				MARKETING_VERSION = 1.0;
				PRODUCT_BUNDLE_IDENTIFIER = com.amy.CalendarApp;
				PRODUCT_NAME = "$(TARGET_NAME)";
				SWIFT_EMIT_LOC_STRINGS = YES;
				SWIFT_VERSION = 5.0;
				TARGETED_DEVICE_FAMILY = "1,2";
			};
			name = Debug;
		};
		E148A08628C3C88B00D89168 /* Release */ = {
			isa = XCBuildConfiguration;
			buildSettings = {
				ASSETCATALOG_COMPILER_APPICON_NAME = AppIcon;
				ASSETCATALOG_COMPILER_GLOBAL_ACCENT_COLOR_NAME = AccentColor;
				CODE_SIGN_STYLE = Automatic;
				CURRENT_PROJECT_VERSION = 1;
				DEVELOPMENT_ASSET_PATHS = "\"CalendarApp/Preview Content\"";
				DEVELOPMENT_TEAM = N45PNWM86L;
				ENABLE_PREVIEWS = YES;
				GENERATE_INFOPLIST_FILE = YES;
				INFOPLIST_KEY_UIApplicationSceneManifest_Generation = YES;
				INFOPLIST_KEY_UIApplicationSupportsIndirectInputEvents = YES;
				INFOPLIST_KEY_UILaunchScreen_Generation = YES;
				INFOPLIST_KEY_UISupportedInterfaceOrientations_iPad = "UIInterfaceOrientationPortrait UIInterfaceOrientationPortraitUpsideDown UIInterfaceOrientationLandscapeLeft UIInterfaceOrientationLandscapeRight";
				INFOPLIST_KEY_UISupportedInterfaceOrientations_iPhone = "UIInterfaceOrientationPortrait UIInterfaceOrientationLandscapeLeft UIInterfaceOrientationLandscapeRight";
				LD_RUNPATH_SEARCH_PATHS = (
					"$(inherited)",
					"@executable_path/Frameworks",
				);
				MARKETING_VERSION = 1.0;
				PRODUCT_BUNDLE_IDENTIFIER = com.amy.CalendarApp;
				PRODUCT_NAME = "$(TARGET_NAME)";
				SWIFT_EMIT_LOC_STRINGS = YES;
				SWIFT_VERSION = 5.0;
				TARGETED_DEVICE_FAMILY = "1,2";
			};
			name = Release;
		};
/* End XCBuildConfiguration section */

/* Begin XCConfigurationList section */
		E148A07128C3C88A00D89168 /* Build configuration list for PBXProject "CalendarApp" */ = {
			isa = XCConfigurationList;
			buildConfigurations = (
				E148A08228C3C88B00D89168 /* Debug */,
				E148A08328C3C88B00D89168 /* Release */,
			);
			defaultConfigurationIsVisible = 0;
			defaultConfigurationName = Release;
		};
		E148A08428C3C88B00D89168 /* Build configuration list for PBXNativeTarget "CalendarApp" */ = {
			isa = XCConfigurationList;
			buildConfigurations = (
				E148A08528C3C88B00D89168 /* Debug */,
				E148A08628C3C88B00D89168 /* Release */,
			);
			defaultConfigurationIsVisible = 0;
			defaultConfigurationName = Release;
		};
/* End XCConfigurationList section */
	};
	rootObject = E148A06E28C3C88A00D89168 /* Project object */;
}
